# This file is generated by running "yarn install" inside your project.
# Manual changes might be lost - proceed with caution!

__metadata:
  version: 8
  cacheKey: 10c0

"@types/node@npm:^20.0.0":
  version: 20.19.27
  resolution: "@types/node@npm:20.19.27"
  dependencies:
    undici-types: "npm:~6.21.0"
  checksum: 10c0/7599c24d80465c1aa6e29b53581fc20ad8862ff33e6eef31d05c1c706868476ee57319c89b802ea972dd4d64ce86d18020aa5344f851fb59b730ea509a63300f
  languageName: node
  linkType: hard

"csv-parser@npm:^3.0.0":
  version: 3.2.0
  resolution: "csv-parser@npm:3.2.0"
  bin:
    csv-parser: bin/csv-parser
  checksum: 10c0/650769916607dae9679187803c71ef70d3b724cfb18e4adff187167b282faf18ac7c14a318c4ea6e92ae3483d3ed4b8d92ff213e77979e3049a5c0029034ac65
  languageName: node
  linkType: hard

"prettier@npm:^2.8.0":
  version: 2.8.8
  resolution: "prettier@npm:2.8.8"
  bin:
    prettier: bin-prettier.js
  checksum: 10c0/463ea8f9a0946cd5b828d8cf27bd8b567345cf02f56562d5ecde198b91f47a76b7ac9eae0facd247ace70e927143af6135e8cf411986b8cb8478784a4d6d724a
  languageName: node
  linkType: hard

"root-workspace-0b6124@workspace:.":
  version: 0.0.0-use.local
  resolution: "root-workspace-0b6124@workspace:."
  dependencies:
    "@types/node": "npm:^20.0.0"
    csv-parser: "npm:^3.0.0"
    prettier: "npm:^2.8.0"
    typescript: "npm:^5.0.0"
  languageName: unknown
  linkType: soft

"typescript@npm:^5.0.0":
  version: 5.9.3
  resolution: "typescript@npm:5.9.3"
  bin:
    tsc: bin/tsc
    tsserver: bin/tsserver
  checksum: 10c0/6bd7552ce39f97e711db5aa048f6f9995b53f1c52f7d8667c1abdc1700c68a76a308f579cd309ce6b53646deb4e9a1be7c813a93baaf0a28ccd536a30270e1c5
  languageName: node
  linkType: hard

"typescript@patch:typescript@npm%3A^5.0.0#optional!builtin<compat/typescript>":
  version: 5.9.3
  resolution: "typescript@patch:typescript@npm%3A5.9.3#optional!builtin<compat/typescript>::version=5.9.3&hash=5786d5"
  bin:
    tsc: bin/tsc
    tsserver: bin/tsserver
  checksum: 10c0/ad09fdf7a756814dce65bc60c1657b40d44451346858eea230e10f2e95a289d9183b6e32e5c11e95acc0ccc214b4f36289dcad4bf1886b0adb84d711d336a430
  languageName: node
  linkType: hard

"undici-types@npm:~6.21.0":
  version: 6.21.0
  resolution: "undici-types@npm:6.21.0"
  checksum: 10c0/c01ed51829b10aa72fc3ce64b747f8e74ae9b60eafa19a7b46ef624403508a54c526ffab06a14a26b3120d055e1104d7abe7c9017e83ced038ea5cf52f8d5e04
  languageName: node
  linkType: hard
